// !$*UTF8*$!
{
	archiveVersion = 1;
	classes = {
	};
	objectVersion = 50;
	objects = {

/* Begin PBXBuildFile section */
		D3CBB67E2437E47000C9056C /* AppDelegate.swift in Sources */ = {isa = PBXBuildFile; fileRef = D3CBB67D2437E47000C9056C /* AppDelegate.swift */; };
		D3CBB6802437E47000C9056C /* SceneDelegate.swift in Sources */ = {isa = PBXBuildFile; fileRef = D3CBB67F2437E47000C9056C /* SceneDelegate.swift */; };
		D3CBB6822437E47000C9056C /* ContentView.swift in Sources */ = {isa = PBXBuildFile; fileRef = D3CBB6812437E47000C9056C /* ContentView.swift */; };
		D3CBB6842437E47100C9056C /* Assets.xcassets in Resources */ = {isa = PBXBuildFile; fileRef = D3CBB6832437E47100C9056C /* Assets.xcassets */; };
		D3CBB6872437E47100C9056C /* Preview Assets.xcassets in Resources */ = {isa = PBXBuildFile; fileRef = D3CBB6862437E47100C9056C /* Preview Assets.xcassets */; };
		D3CBB68A2437E47100C9056C /* LaunchScreen.storyboard in Resources */ = {isa = PBXBuildFile; fileRef = D3CBB6882437E47100C9056C /* LaunchScreen.storyboard */; };
		D3CBB6922437EACF00C9056C /* WebView.swift in Sources */ = {isa = PBXBuildFile; fileRef = D3CBB6912437EACF00C9056C /* WebView.swift */; };
/* End PBXBuildFile section */

/* Begin PBXFileReference section */
		D3CBB67A2437E47000C9056C /* ATSExample.app */ = {isa = PBXFileReference; explicitFileType = wrapper.application; includeInIndex = 0; path = ATSExample.app; sourceTree = BUILT_PRODUCTS_DIR; };
		D3CBB67D2437E47000C9056C /* AppDelegate.swift */ = {isa = PBXFileReference; lastKnownFileType = sourcecode.swift; path = AppDelegate.swift; sourceTree = "<group>"; };
		D3CBB67F2437E47000C9056C /* SceneDelegate.swift */ = {isa = PBXFileReference; lastKnownFileType = sourcecode.swift; path = SceneDelegate.swift; sourceTree = "<group>"; };
		D3CBB6812437E47000C9056C /* ContentView.swift */ = {isa = PBXFileReference; lastKnownFileType = sourcecode.swift; path = ContentView.swift; sourceTree = "<group>"; };
		D3CBB6832437E47100C9056C /* Assets.xcassets */ = {isa = PBXFileReference; lastKnownFileType = folder.assetcatalog; path = Assets.xcassets; sourceTree = "<group>"; };
		D3CBB6862437E47100C9056C /* Preview Assets.xcassets */ = {isa = PBXFileReference; lastKnownFileType = folder.assetcatalog; path = "Preview Assets.xcassets"; sourceTree = "<group>"; };
		D3CBB6892437E47100C9056C /* Base */ = {isa = PBXFileReference; lastKnownFileType = file.storyboard; name = Base; path = Base.lproj/LaunchScreen.storyboard; sourceTree = "<group>"; };
		D3CBB68B2437E47100C9056C /* Info.plist */ = {isa = PBXFileReference; lastKnownFileType = text.plist.xml; path = Info.plist; sourceTree = "<group>"; };
		D3CBB6912437EACF00C9056C /* WebView.swift */ = {isa = PBXFileReference; lastKnownFileType = sourcecode.swift; path = WebView.swift; sourceTree = "<group>"; };
/* End PBXFileReference section */

/* Begin PBXFrameworksBuildPhase section */
		D3CBB6772437E47000C9056C /* Frameworks */ = {
			isa = PBXFrameworksBuildPhase;
			buildActionMask = 2147483647;
			files = (
			);
			runOnlyForDeploymentPostprocessing = 0;
		};
/* End PBXFrameworksBuildPhase section */

/* Begin PBXGroup section */
		D3CBB6712437E47000C9056C = {
			isa = PBXGroup;
			children = (
				D3CBB67C2437E47000C9056C /* ATSExample */,
				D3CBB67B2437E47000C9056C /* Products */,
			);
			sourceTree = "<group>";
		};
		D3CBB67B2437E47000C9056C /* Products */ = {
			isa = PBXGroup;
			children = (
				D3CBB67A2437E47000C9056C /* ATSExample.app */,
			);
			name = Products;
			sourceTree = "<group>";
		};
		D3CBB67C2437E47000C9056C /* ATSExample */ = {
			isa = PBXGroup;
			children = (
				D3CBB67D2437E47000C9056C /* AppDelegate.swift */,
				D3CBB67F2437E47000C9056C /* SceneDelegate.swift */,
				D3CBB6812437E47000C9056C /* ContentView.swift */,
				D3CBB6832437E47100C9056C /* Assets.xcassets */,
				D3CBB6882437E47100C9056C /* LaunchScreen.storyboard */,
				D3CBB68B2437E47100C9056C /* Info.plist */,
				D3CBB6852437E47100C9056C /* Preview Content */,
				D3CBB6912437EACF00C9056C /* WebView.swift */,
			);
			path = ATSExample;
			sourceTree = "<group>";
		};
		D3CBB6852437E47100C9056C /* Preview Content */ = {
			isa = PBXGroup;
			children = (
				D3CBB6862437E47100C9056C /* Preview Assets.xcassets */,
			);
			path = "Preview Content";
			sourceTree = "<group>";
		};
/* End PBXGroup section */

/* Begin PBXNativeTarget section */
		D3CBB6792437E47000C9056C /* ATSExample */ = {
			isa = PBXNativeTarget;
			buildConfigurationList = D3CBB68E2437E47100C9056C /* Build configuration list for PBXNativeTarget "ATSExample" */;
			buildPhases = (
				D3CBB6762437E47000C9056C /* Sources */,
				D3CBB6772437E47000C9056C /* Frameworks */,
				D3CBB6782437E47000C9056C /* Resources */,
			);
			buildRules = (
			);
			dependencies = (
			);
			name = ATSExample;
			productName = ATSExample;
			productReference = D3CBB67A2437E47000C9056C /* ATSExample.app */;
			productType = "com.apple.product-type.application";
		};
/* End PBXNativeTarget section */

/* Begin PBXProject section */
		D3CBB6722437E47000C9056C /* Project object */ = {
			isa = PBXProject;
			attributes = {
				LastSwiftUpdateCheck = 1140;
				LastUpgradeCheck = 1140;
				ORGANIZATIONNAME = raywenderlich;
				TargetAttributes = {
					D3CBB6792437E47000C9056C = {
						CreatedOnToolsVersion = 11.4;
					};
				};
			};
			buildConfigurationList = D3CBB6752437E47000C9056C /* Build configuration list for PBXProject "ATSExample" */;
			compatibilityVersion = "Xcode 9.3";
			developmentRegion = en;
			hasScannedForEncodings = 0;
			knownRegions = (
				en,
				Base,
			);
			mainGroup = D3CBB6712437E47000C9056C;
			productRefGroup = D3CBB67B2437E47000C9056C /* Products */;
			projectDirPath = "";
			projectRoot = "";
			targets = (
				D3CBB6792437E47000C9056C /* ATSExample */,
			);
		};
/* End PBXProject section */

/* Begin PBXResourcesBuildPhase section */
		D3CBB6782437E47000C9056C /* Resources */ = {
			isa = PBXResourcesBuildPhase;
			buildActionMask = 2147483647;
			files = (
				D3CBB68A2437E47100C9056C /* LaunchScreen.storyboard in Resources */,
				D3CBB6872437E47100C9056C /* Preview Assets.xcassets in Resources */,
				D3CBB6842437E47100C9056C /* Assets.xcassets in Resources */,
			);
			runOnlyForDeploymentPostprocessing = 0;
		};
/* End PBXResourcesBuildPhase section */

/* Begin PBXSourcesBuildPhase section */
		D3CBB6762437E47000C9056C /* Sources */ = {
			isa = PBXSourcesBuildPhase;
			buildActionMask = 2147483647;
			files = (
				D3CBB67E2437E47000C9056C /* AppDelegate.swift in Sources */,
				D3CBB6922437EACF00C9056C /* WebView.swift in Sources */,
				D3CBB6802437E47000C9056C /* SceneDelegate.swift in Sources */,
				D3CBB6822437E47000C9056C /* ContentView.swift in Sources */,
			);
			runOnlyForDeploymentPostprocessing = 0;
		};
/* End PBXSourcesBuildPhase section */

/* Begin PBXVariantGroup section */
		D3CBB6882437E47100C9056C /* LaunchScreen.storyboard */ = {
			isa = PBXVariantGroup;
			children = (
				D3CBB6892437E47100C9056C /* Base */,
			);
			name = LaunchScreen.storyboard;
			sourceTree = "<group>";
		};
/* End PBXVariantGroup section */

/* Begin XCBuildConfiguration section */
		D3CBB68C2437E47100C9056C /* Debug */ = {
			isa = XCBuildConfiguration;
			buildSettings = {
				ALWAYS_SEARCH_USER_PATHS = NO;
				CLANG_ANALYZER_NONNULL = YES;
				CLANG_ANALYZER_NUMBER_OBJECT_CONVERSION = YES_AGGRESSIVE;
				CLANG_CXX_LANGUAGE_STANDARD = "gnu++14";
				CLANG_CXX_LIBRARY = "libc++";
				CLANG_ENABLE_MODULES = YES;
				CLANG_ENABLE_OBJC_ARC = YES;
				CLANG_ENABLE_OBJC_WEAK = YES;
				CLANG_WARN_BLOCK_CAPTURE_AUTORELEASING = YES;
				CLANG_WARN_BOOL_CONVERSION = YES;
				CLANG_WARN_COMMA = YES;
				CLANG_WARN_CONSTANT_CONVERSION = YES;
				CLANG_WARN_DEPRECATED_OBJC_IMPLEMENTATIONS = YES;
				CLANG_WARN_DIRECT_OBJC_ISA_USAGE = YES_ERROR;
				CLANG_WARN_DOCUMENTATION_COMMENTS = YES;
				CLANG_WARN_EMPTY_BODY = YES;
				CLANG_WARN_ENUM_CONVERSION = YES;
				CLANG_WARN_INFINITE_RECURSION = YES;
				CLANG_WARN_INT_CONVERSION = YES;
				CLANG_WARN_NON_LITERAL_NULL_CONVERSION = YES;
				CLANG_WARN_OBJC_IMPLICIT_RETAIN_SELF = YES;
				CLANG_WARN_OBJC_LITERAL_CONVERSION = YES;
				CLANG_WARN_OBJC_ROOT_CLASS = YES_ERROR;
				CLANG_WARN_RANGE_LOOP_ANALYSIS = YES;
				CLANG_WARN_STRICT_PROTOTYPES = YES;
				CLANG_WARN_SUSPICIOUS_MOVE = YES;
				CLANG_WARN_UNGUARDED_AVAILABILITY = YES_AGGRESSIVE;
				CLANG_WARN_UNREACHABLE_CODE = YES;
				CLANG_WARN__DUPLICATE_METHOD_MATCH = YES;
				COPY_PHASE_STRIP = NO;
				DEBUG_INFORMATION_FORMAT = dwarf;
				ENABLE_STRICT_OBJC_MSGSEND = YES;
				ENABLE_TESTABILITY = YES;
				GCC_C_LANGUAGE_STANDARD = gnu11;
				GCC_DYNAMIC_NO_PIC = NO;
				GCC_NO_COMMON_BLOCKS = YES;
				GCC_OPTIMIZATION_LEVEL = 0;
				GCC_PREPROCESSOR_DEFINITIONS = (
					"DEBUG=1",
					"$(inherited)",
				);
				GCC_WARN_64_TO_32_BIT_CONVERSION = YES;
				GCC_WARN_ABOUT_RETURN_TYPE = YES_ERROR;
				GCC_WARN_UNDECLARED_SELECTOR = YES;
				GCC_WARN_UNINITIALIZED_AUTOS = YES_AGGRESSIVE;
				GCC_WARN_UNUSED_FUNCTION = YES;
				GCC_WARN_UNUSED_VARIABLE = YES;
				IPHONEOS_DEPLOYMENT_TARGET = 13.4;
				MTL_ENABLE_DEBUG_INFO = INCLUDE_SOURCE;
				MTL_FAST_MATH = YES;
				ONLY_ACTIVE_ARCH = YES;
				SDKROOT = iphoneos;
				SWIFT_ACTIVE_COMPILATION_CONDITIONS = DEBUG;
				SWIFT_OPTIMIZATION_LEVEL = "-Onone";
			};
			name = Debug;
		};
		D3CBB68D2437E47100C9056C /* Release */ = {
			isa = XCBuildConfiguration;
			buildSettings = {
				ALWAYS_SEARCH_USER_PATHS = NO;
				CLANG_ANALYZER_NONNULL = YES;
				CLANG_ANALYZER_NUMBER_OBJECT_CONVERSION = YES_AGGRESSIVE;
				CLANG_CXX_LANGUAGE_STANDARD = "gnu++14";
				CLANG_CXX_LIBRARY = "libc++";
				CLANG_ENABLE_MODULES = YES;
				CLANG_ENABLE_OBJC_ARC = YES;
				CLANG_ENABLE_OBJC_WEAK = YES;
				CLANG_WARN_BLOCK_CAPTURE_AUTORELEASING = YES;
				CLANG_WARN_BOOL_CONVERSION = YES;
				CLANG_WARN_COMMA = YES;
				CLANG_WARN_CONSTANT_CONVERSION = YES;
				CLANG_WARN_DEPRECATED_OBJC_IMPLEMENTATIONS = YES;
				CLANG_WARN_DIRECT_OBJC_ISA_USAGE = YES_ERROR;
				CLANG_WARN_DOCUMENTATION_COMMENTS = YES;
				CLANG_WARN_EMPTY_BODY = YES;
				CLANG_WARN_ENUM_CONVERSION = YES;
				CLANG_WARN_INFINITE_RECURSION = YES;
				CLANG_WARN_INT_CONVERSION = YES;
				CLANG_WARN_NON_LITERAL_NULL_CONVERSION = YES;
				CLANG_WARN_OBJC_IMPLICIT_RETAIN_SELF = YES;
				CLANG_WARN_OBJC_LITERAL_CONVERSION = YES;
				CLANG_WARN_OBJC_ROOT_CLASS = YES_ERROR;
				CLANG_WARN_RANGE_LOOP_ANALYSIS = YES;
				CLANG_WARN_STRICT_PROTOTYPES = YES;
				CLANG_WARN_SUSPICIOUS_MOVE = YES;
				CLANG_WARN_UNGUARDED_AVAILABILITY = YES_AGGRESSIVE;
				CLANG_WARN_UNREACHABLE_CODE = YES;
				CLANG_WARN__DUPLICATE_METHOD_MATCH = YES;
				COPY_PHASE_STRIP = NO;
				DEBUG_INFORMATION_FORMAT = "dwarf-with-dsym";
				ENABLE_NS_ASSERTIONS = NO;
				ENABLE_STRICT_OBJC_MSGSEND = YES;
				GCC_C_LANGUAGE_STANDARD = gnu11;
				GCC_NO_COMMON_BLOCKS = YES;
				GCC_WARN_64_TO_32_BIT_CONVERSION = YES;
				GCC_WARN_ABOUT_RETURN_TYPE = YES_ERROR;
				GCC_WARN_UNDECLARED_SELECTOR = YES;
				GCC_WARN_UNINITIALIZED_AUTOS = YES_AGGRESSIVE;
				GCC_WARN_UNUSED_FUNCTION = YES;
				GCC_WARN_UNUSED_VARIABLE = YES;
				IPHONEOS_DEPLOYMENT_TARGET = 13.4;
				MTL_ENABLE_DEBUG_INFO = NO;
				MTL_FAST_MATH = YES;
				SDKROOT = iphoneos;
				SWIFT_COMPILATION_MODE = wholemodule;
				SWIFT_OPTIMIZATION_LEVEL = "-O";
				VALIDATE_PRODUCT = YES;
			};
			name = Release;
		};
		D3CBB68F2437E47100C9056C /* Debug */ = {
			isa = XCBuildConfiguration;
			buildSettings = {
				ASSETCATALOG_COMPILER_APPICON_NAME = AppIcon;
				CODE_SIGN_STYLE = Automatic;
				DEVELOPMENT_ASSET_PATHS = "\"ATSExample/Preview Content\"";
				ENABLE_PREVIEWS = YES;
				INFOPLIST_FILE = ATSExample/Info.plist;
				LD_RUNPATH_SEARCH_PATHS = (
					"$(inherited)",
					"@executable_path/Frameworks",
				);
				PRODUCT_BUNDLE_IDENTIFIER = com.raywenderlich.ATSExample;
				PRODUCT_NAME = "$(TARGET_NAME)";
				SWIFT_VERSION = 5.0;
				TARGETED_DEVICE_FAMILY = "1,2";
			};
			name = Debug;
		};
		D3CBB6902437E47100C9056C /* Release */ = {
			isa = XCBuildConfiguration;
			buildSettings = {
				ASSETCATALOG_COMPILER_APPICON_NAME = AppIcon;
				CODE_SIGN_STYLE = Automatic;
				DEVELOPMENT_ASSET_PATHS = "\"ATSExample/Preview Content\"";
				ENABLE_PREVIEWS = YES;
				INFOPLIST_FILE = ATSExample/Info.plist;
				LD_RUNPATH_SEARCH_PATHS = (
					"$(inherited)",
					"@executable_path/Frameworks",
				);
				PRODUCT_BUNDLE_IDENTIFIER = com.raywenderlich.ATSExample;
				PRODUCT_NAME = "$(TARGET_NAME)";
				SWIFT_VERSION = 5.0;
				TARGETED_DEVICE_FAMILY = "1,2";
			};
			name = Release;
		};
/* End XCBuildConfiguration section */

/* Begin XCConfigurationList section */
		D3CBB6752437E47000C9056C /* Build configuration list for PBXProject "ATSExample" */ = {
			isa = XCConfigurationList;
			buildConfigurations = (
				D3CBB68C2437E47100C9056C /* Debug */,
				D3CBB68D2437E47100C9056C /* Release */,
			);
			defaultConfigurationIsVisible = 0;
			defaultConfigurationName = Release;
		};
		D3CBB68E2437E47100C9056C /* Build configuration list for PBXNativeTarget "ATSExample" */ = {
			isa = XCConfigurationList;
			buildConfigurations = (
				D3CBB68F2437E47100C9056C /* Debug */,
				D3CBB6902437E47100C9056C /* Release */,
			);
			defaultConfigurationIsVisible = 0;
			defaultConfigurationName = Release;
		};
/* End XCConfigurationList section */
	};
	rootObject = D3CBB6722437E47000C9056C /* Project object */;
}
